
Microsoft Visual Studio Solution File, Format Version 11.00
# Visual Studio 2010
Project("{FAE04EC0-301F-11D3-BF4B-00C04F79EFBC}") = "UniRx", "UniRx.csproj", "{AA8D1290-0483-0AE9-708C-DE4EC91CB005}"
EndProject
Project("{FAE04EC0-301F-11D3-BF4B-00C04F79EFBC}") = "UniRx.Examples", "UniRx.Examples.csproj", "{D919FC81-1F0F-794B-D9A2-9644F9E71C0E}"
EndProject
Global
	GlobalSection(SolutionConfigurationPlatforms) = preSolution
		Debug|Any CPU = Debug|Any CPU
		Release|Any CPU = Release|Any CPU
	EndGlobalSection
	GlobalSection(ProjectConfigurationPlatforms) = postSolution
		{AA8D1290-0483-0AE9-708C-DE4EC91CB005}.Debug|Any CPU.ActiveCfg = Debug|Any CPU
		{AA8D1290-0483-0AE9-708C-DE4EC91CB005}.Debug|Any CPU.Build.0 = Debug|Any CPU
		{AA8D1290-0483-0AE9-708C-DE4EC91CB005}.Release|Any CPU.ActiveCfg = Release|Any CPU
		{AA8D1290-0483-0AE9-708C-DE4EC91CB005}.Release|Any CPU.Build.0 = Release|Any CPU
		{D919FC81-1F0F-794B-D9A2-9644F9E71C0E}.Debug|Any CPU.ActiveCfg = Debug|Any CPU
		{D919FC81-1F0F-794B-D9A2-9644F9E71C0E}.Debug|Any CPU.Build.0 = Debug|Any CPU
		{D919FC81-1F0F-794B-D9A2-9644F9E71C0E}.Release|Any CPU.ActiveCfg = Release|Any CPU
		{D919FC81-1F0F-794B-D9A2-9644F9E71C0E}.Release|Any CPU.Build.0 = Release|Any CPU
	EndGlobalSection
	GlobalSection(SolutionProperties) = preSolution
		HideSolutionNode = FALSE
	EndGlobalSection
	GlobalSection(MonoDevelopProperties) = preSolution
		StartupItem = Assembly-CSharp.csproj
	EndGlobalSection
EndGlobal
